{
  "requires": true,
  "lockfileVersion": 1,
  "dependencies": {
    "focus-trap": {
      "version": "6.1.4",
      "resolved": "https://registry.npmjs.org/focus-trap/-/focus-trap-6.1.4.tgz",
      "integrity": "sha512-jgNc+O8UkGsUpdhNXkyonwlw4i707+ESAWv1vCbyd8+29db5/Wv1BkJImDczfEWMu9O635FvM5ABOjeyqNQpEQ==",
      "requires": {
        "tabbable": "^5.1.3"
      }
    },
    "focus-trap-react": {
      "version": "8.1.0",
      "resolved": "https://registry.npmjs.org/focus-trap-react/-/focus-trap-react-8.1.0.tgz",
      "integrity": "sha512-mk7aqFrx03py5c2yGNPii6j0TgkRtRtCBn7ybYAbQUE9zcL12KgKfR7wIAQC7OLj6qkv7M6sAooRqBZ3JnX8yA==",
      "requires": {
        "focus-trap": "^6.1.0"
      }
    },
    "tabbable": {
      "version": "5.1.3",
      "resolved": "https://registry.npmjs.org/tabbable/-/tabbable-5.1.3.tgz",
      "integrity": "sha512-jqR3rOgeyNlYWDWoyjNTWuHk3+FObu3Fw4e0zjeOLBicI74TT/wGrvSbJUaFVs7FMfiY0Ee8CKM7QaJwVMT4YA=="
    }
  }
}
